<?xml version="1.0" encoding="utf-8"?>
<Project ToolsVersion="4.0" xmlns="http://schemas.microsoft.com/developer/msbuild/2003">
  <ItemGroup>
    <ClCompile Include="src\ofApp.cpp">
      <Filter>src</Filter>
    </ClCompile>
    <ClCompile Include="src\main.cpp">
      <Filter>src</Filter>
    </ClCompile>
    <ClCompile Include="src\Window_Manager.cpp">
      <Filter>src</Filter>
    </ClCompile>
    <ClCompile Include="src\Window_Menu.cpp">
      <Filter>src</Filter>
    </ClCompile>
    <ClCompile Include="src\Button.cpp">
      <Filter>src</Filter>
    </ClCompile>
    <ClCompile Include="src\Object.cpp">
      <Filter>src</Filter>
    </ClCompile>
    <ClCompile Include="src\UI_Slider.cpp">
      <Filter>src</Filter>
    </ClCompile>
    <ClCompile Include="src\Window_Editor.cpp">
      <Filter>src</Filter>
    </ClCompile>
    <ClCompile Include="src\UI_Switch.cpp">
      <Filter>src</Filter>
    </ClCompile>
  </ItemGroup>
  <ItemGroup>
    <Filter Include="src">
      <UniqueIdentifier>{d8376475-7454-4a24-b08a-aac121d3ad6f}</UniqueIdentifier>
    </Filter>
    <Filter Include="addons">
      <UniqueIdentifier>{fc4be690-5e25-42ec-9ab2-454396e7d2a8}</UniqueIdentifier>
    </Filter>
    <Filter Include="addons\ofxXmlSettings">
      <UniqueIdentifier>{98ebee62-f7b3-4fe2-83cf-331a1cc5dedb}</UniqueIdentifier>
    </Filter>
    <Filter Include="addons\ofxXmlSettings\src">
      <UniqueIdentifier>{df27f330-8b55-49d0-9cea-6a760ae52925}</UniqueIdentifier>
    </Filter>
    <Filter Include="addons\ofxXmlSettings\libs">
      <UniqueIdentifier>{0b03a2db-1c2a-4622-bd14-04277aa692fa}</UniqueIdentifier>
    </Filter>
    <Filter Include="addons\ofxUI-master">
      <UniqueIdentifier>{a85a96c8-db54-4421-8b22-8a729041793a}</UniqueIdentifier>
    </Filter>
    <Filter Include="addons\ofxUI-master\src">
      <UniqueIdentifier>{7b814e55-b2fc-4d83-bcc0-0e445f7e6886}</UniqueIdentifier>
    </Filter>
    <Filter Include="addons\ofxGui">
      <UniqueIdentifier>{66970e9c-3ba0-4fd0-96a8-c96f65809308}</UniqueIdentifier>
    </Filter>
    <Filter Include="addons\ofxGui\src">
      <UniqueIdentifier>{5e8e6dde-7bb1-471f-a777-c278c31c2dd3}</UniqueIdentifier>
    </Filter>
  </ItemGroup>
  <ItemGroup>
    <ClInclude Include="src\ofApp.h">
      <Filter>src</Filter>
    </ClInclude>
    <ClInclude Include="src\Window_Manager.h">
      <Filter>src</Filter>
    </ClInclude>
    <ClInclude Include="src\Window_Menu.h">
      <Filter>src</Filter>
    </ClInclude>
    <ClInclude Include="src\Button.h">
      <Filter>src</Filter>
    </ClInclude>
    <ClInclude Include="src\Object.h">
      <Filter>src</Filter>
    </ClInclude>
    <ClInclude Include="src\UI_Slider.h">
      <Filter>src</Filter>
    </ClInclude>
    <ClInclude Include="src\Window_Editor.h">
      <Filter>src</Filter>
    </ClInclude>
    <ClInclude Include="src\UI_Switch.h">
      <Filter>src</Filter>
    </ClInclude>
  </ItemGroup>
  <ItemGroup>
    <ResourceCompile Include="icon.rc">
      <Filter>src</Filter>
    </ResourceCompile>
  </ItemGroup>
</Project>