<?xml version="1.0" encoding="utf-8"?>
<Project ToolsVersion="4.0" xmlns="http://schemas.microsoft.com/developer/msbuild/2003">
  <ItemGroup>
    <ClCompile Include="src\ofApp.cpp">
      <Filter>src</Filter>
    </ClCompile>
    <ClCompile Include="src\main.cpp">
      <Filter>src</Filter>
    </ClCompile>
    <ClCompile Include="src\Window_Manager.cpp">
      <Filter>src</Filter>
    </ClCompile>
    <ClCompile Include="src\Window_Menu.cpp">
      <Filter>src</Filter>
    </ClCompile>
    <ClCompile Include="..\..\..\..\..\..\of_v0.9.8_vs_release\addons\ofxXmlSettings\src\ofxXmlSettings.cpp">
      <Filter>addons\ofxXmlSettings\src</Filter>
    </ClCompile>
    <ClCompile Include="..\..\..\..\..\..\of_v0.9.8_vs_release\addons\ofxXmlSettings\libs\tinyxml.cpp">
      <Filter>addons\ofxXmlSettings\libs</Filter>
    </ClCompile>
    <ClCompile Include="..\..\..\..\..\..\of_v0.9.8_vs_release\addons\ofxXmlSettings\libs\tinyxmlerror.cpp">
      <Filter>addons\ofxXmlSettings\libs</Filter>
    </ClCompile>
    <ClCompile Include="..\..\..\..\..\..\of_v0.9.8_vs_release\addons\ofxXmlSettings\libs\tinyxmlparser.cpp">
      <Filter>addons\ofxXmlSettings\libs</Filter>
    </ClCompile>
    <ClCompile Include="..\..\..\..\..\..\of_v0.9.8_vs_release\addons\ofxUI-master\src\ofxUI2DGraph.cpp">
      <Filter>addons\ofxUI-master\src</Filter>
    </ClCompile>
    <ClCompile Include="..\..\..\..\..\..\of_v0.9.8_vs_release\addons\ofxUI-master\src\ofxUI2DPad.cpp">
      <Filter>addons\ofxUI-master\src</Filter>
    </ClCompile>
    <ClCompile Include="..\..\..\..\..\..\of_v0.9.8_vs_release\addons\ofxUI-master\src\ofxUIBaseDraws.cpp">
      <Filter>addons\ofxUI-master\src</Filter>
    </ClCompile>
    <ClCompile Include="..\..\..\..\..\..\of_v0.9.8_vs_release\addons\ofxUI-master\src\ofxUIBiLabelSlider.cpp">
      <Filter>addons\ofxUI-master\src</Filter>
    </ClCompile>
    <ClCompile Include="..\..\..\..\..\..\of_v0.9.8_vs_release\addons\ofxUI-master\src\ofxUIButton.cpp">
      <Filter>addons\ofxUI-master\src</Filter>
    </ClCompile>
    <ClCompile Include="..\..\..\..\..\..\of_v0.9.8_vs_release\addons\ofxUI-master\src\ofxUICanvas.cpp">
      <Filter>addons\ofxUI-master\src</Filter>
    </ClCompile>
    <ClCompile Include="..\..\..\..\..\..\of_v0.9.8_vs_release\addons\ofxUI-master\src\ofxUICircleSlider.cpp">
      <Filter>addons\ofxUI-master\src</Filter>
    </ClCompile>
    <ClCompile Include="..\..\..\..\..\..\of_v0.9.8_vs_release\addons\ofxUI-master\src\ofxUIDragableLabelButton.cpp">
      <Filter>addons\ofxUI-master\src</Filter>
    </ClCompile>
    <ClCompile Include="..\..\..\..\..\..\of_v0.9.8_vs_release\addons\ofxUI-master\src\ofxUIDropDownList.cpp">
      <Filter>addons\ofxUI-master\src</Filter>
    </ClCompile>
    <ClCompile Include="..\..\..\..\..\..\of_v0.9.8_vs_release\addons\ofxUI-master\src\ofxUIEventArgs.cpp">
      <Filter>addons\ofxUI-master\src</Filter>
    </ClCompile>
    <ClCompile Include="..\..\..\..\..\..\of_v0.9.8_vs_release\addons\ofxUI-master\src\ofxUIFPS.cpp">
      <Filter>addons\ofxUI-master\src</Filter>
    </ClCompile>
    <ClCompile Include="..\..\..\..\..\..\of_v0.9.8_vs_release\addons\ofxUI-master\src\ofxUIFPSSlider.cpp">
      <Filter>addons\ofxUI-master\src</Filter>
    </ClCompile>
    <ClCompile Include="..\..\..\..\..\..\of_v0.9.8_vs_release\addons\ofxUI-master\src\ofxUIImage.cpp">
      <Filter>addons\ofxUI-master\src</Filter>
    </ClCompile>
    <ClCompile Include="..\..\..\..\..\..\of_v0.9.8_vs_release\addons\ofxUI-master\src\ofxUIImageButton.cpp">
      <Filter>addons\ofxUI-master\src</Filter>
    </ClCompile>
    <ClCompile Include="..\..\..\..\..\..\of_v0.9.8_vs_release\addons\ofxUI-master\src\ofxUIImageSampler.cpp">
      <Filter>addons\ofxUI-master\src</Filter>
    </ClCompile>
    <ClCompile Include="..\..\..\..\..\..\of_v0.9.8_vs_release\addons\ofxUI-master\src\ofxUIImageSlider.cpp">
      <Filter>addons\ofxUI-master\src</Filter>
    </ClCompile>
    <ClCompile Include="..\..\..\..\..\..\of_v0.9.8_vs_release\addons\ofxUI-master\src\ofxUIImageToggle.cpp">
      <Filter>addons\ofxUI-master\src</Filter>
    </ClCompile>
    <ClCompile Include="..\..\..\..\..\..\of_v0.9.8_vs_release\addons\ofxUI-master\src\ofxUILabel.cpp">
      <Filter>addons\ofxUI-master\src</Filter>
    </ClCompile>
    <ClCompile Include="..\..\..\..\..\..\of_v0.9.8_vs_release\addons\ofxUI-master\src\ofxUILabelButton.cpp">
      <Filter>addons\ofxUI-master\src</Filter>
    </ClCompile>
    <ClCompile Include="..\..\..\..\..\..\of_v0.9.8_vs_release\addons\ofxUI-master\src\ofxUILabelToggle.cpp">
      <Filter>addons\ofxUI-master\src</Filter>
    </ClCompile>
    <ClCompile Include="..\..\..\..\..\..\of_v0.9.8_vs_release\addons\ofxUI-master\src\ofxUIMinimalSlider.cpp">
      <Filter>addons\ofxUI-master\src</Filter>
    </ClCompile>
    <ClCompile Include="..\..\..\..\..\..\of_v0.9.8_vs_release\addons\ofxUI-master\src\ofxUIMovingGraph.cpp">
      <Filter>addons\ofxUI-master\src</Filter>
    </ClCompile>
    <ClCompile Include="..\..\..\..\..\..\of_v0.9.8_vs_release\addons\ofxUI-master\src\ofxUIMultiImageButton.cpp">
      <Filter>addons\ofxUI-master\src</Filter>
    </ClCompile>
    <ClCompile Include="..\..\..\..\..\..\of_v0.9.8_vs_release\addons\ofxUI-master\src\ofxUIMultiImageToggle.cpp">
      <Filter>addons\ofxUI-master\src</Filter>
    </ClCompile>
    <ClCompile Include="..\..\..\..\..\..\of_v0.9.8_vs_release\addons\ofxUI-master\src\ofxUINumberDialer.cpp">
      <Filter>addons\ofxUI-master\src</Filter>
    </ClCompile>
    <ClCompile Include="..\..\..\..\..\..\of_v0.9.8_vs_release\addons\ofxUI-master\src\ofxUIRadio.cpp">
      <Filter>addons\ofxUI-master\src</Filter>
    </ClCompile>
    <ClCompile Include="..\..\..\..\..\..\of_v0.9.8_vs_release\addons\ofxUI-master\src\ofxUIRangeSlider.cpp">
      <Filter>addons\ofxUI-master\src</Filter>
    </ClCompile>
    <ClCompile Include="..\..\..\..\..\..\of_v0.9.8_vs_release\addons\ofxUI-master\src\ofxUIRectangle.cpp">
      <Filter>addons\ofxUI-master\src</Filter>
    </ClCompile>
    <ClCompile Include="..\..\..\..\..\..\of_v0.9.8_vs_release\addons\ofxUI-master\src\ofxUIRotarySlider.cpp">
      <Filter>addons\ofxUI-master\src</Filter>
    </ClCompile>
    <ClCompile Include="..\..\..\..\..\..\of_v0.9.8_vs_release\addons\ofxUI-master\src\ofxUIScrollableCanvas.cpp">
      <Filter>addons\ofxUI-master\src</Filter>
    </ClCompile>
    <ClCompile Include="..\..\..\..\..\..\of_v0.9.8_vs_release\addons\ofxUI-master\src\ofxUISlider.cpp">
      <Filter>addons\ofxUI-master\src</Filter>
    </ClCompile>
    <ClCompile Include="..\..\..\..\..\..\of_v0.9.8_vs_release\addons\ofxUI-master\src\ofxUISortableList.cpp">
      <Filter>addons\ofxUI-master\src</Filter>
    </ClCompile>
    <ClCompile Include="..\..\..\..\..\..\of_v0.9.8_vs_release\addons\ofxUI-master\src\ofxUISpacer.cpp">
      <Filter>addons\ofxUI-master\src</Filter>
    </ClCompile>
    <ClCompile Include="..\..\..\..\..\..\of_v0.9.8_vs_release\addons\ofxUI-master\src\ofxUISpectrum.cpp">
      <Filter>addons\ofxUI-master\src</Filter>
    </ClCompile>
    <ClCompile Include="..\..\..\..\..\..\of_v0.9.8_vs_release\addons\ofxUI-master\src\ofxUISuperCanvas.cpp">
      <Filter>addons\ofxUI-master\src</Filter>
    </ClCompile>
    <ClCompile Include="..\..\..\..\..\..\of_v0.9.8_vs_release\addons\ofxUI-master\src\ofxUITabBar.cpp">
      <Filter>addons\ofxUI-master\src</Filter>
    </ClCompile>
    <ClCompile Include="..\..\..\..\..\..\of_v0.9.8_vs_release\addons\ofxUI-master\src\ofxUITextArea.cpp">
      <Filter>addons\ofxUI-master\src</Filter>
    </ClCompile>
    <ClCompile Include="..\..\..\..\..\..\of_v0.9.8_vs_release\addons\ofxUI-master\src\ofxUITextInput.cpp">
      <Filter>addons\ofxUI-master\src</Filter>
    </ClCompile>
    <ClCompile Include="..\..\..\..\..\..\of_v0.9.8_vs_release\addons\ofxUI-master\src\ofxUIToggle.cpp">
      <Filter>addons\ofxUI-master\src</Filter>
    </ClCompile>
    <ClCompile Include="..\..\..\..\..\..\of_v0.9.8_vs_release\addons\ofxUI-master\src\ofxUIToggleMatrix.cpp">
      <Filter>addons\ofxUI-master\src</Filter>
    </ClCompile>
    <ClCompile Include="..\..\..\..\..\..\of_v0.9.8_vs_release\addons\ofxUI-master\src\ofxUIValuePlotter.cpp">
      <Filter>addons\ofxUI-master\src</Filter>
    </ClCompile>
    <ClCompile Include="..\..\..\..\..\..\of_v0.9.8_vs_release\addons\ofxUI-master\src\ofxUIWaveform.cpp">
      <Filter>addons\ofxUI-master\src</Filter>
    </ClCompile>
    <ClCompile Include="..\..\..\..\..\..\of_v0.9.8_vs_release\addons\ofxUI-master\src\ofxUIWidget.cpp">
      <Filter>addons\ofxUI-master\src</Filter>
    </ClCompile>
    <ClCompile Include="..\..\..\..\..\..\of_v0.9.8_vs_release\addons\ofxUI-master\src\ofxUIWidgetWithLabel.cpp">
      <Filter>addons\ofxUI-master\src</Filter>
    </ClCompile>
    <ClCompile Include="..\..\..\..\..\..\..\..\..\..\of_v0.9.8_vs_release\addons\ofxGui\src\ofxBaseGui.cpp">
      <Filter>addons\ofxGui\src</Filter>
    </ClCompile>
    <ClCompile Include="..\..\..\..\..\..\..\..\..\..\of_v0.9.8_vs_release\addons\ofxGui\src\ofxButton.cpp">
      <Filter>addons\ofxGui\src</Filter>
    </ClCompile>
    <ClCompile Include="..\..\..\..\..\..\..\..\..\..\of_v0.9.8_vs_release\addons\ofxGui\src\ofxGuiGroup.cpp">
      <Filter>addons\ofxGui\src</Filter>
    </ClCompile>
    <ClCompile Include="..\..\..\..\..\..\..\..\..\..\of_v0.9.8_vs_release\addons\ofxGui\src\ofxLabel.cpp">
      <Filter>addons\ofxGui\src</Filter>
    </ClCompile>
    <ClCompile Include="..\..\..\..\..\..\..\..\..\..\of_v0.9.8_vs_release\addons\ofxGui\src\ofxPanel.cpp">
      <Filter>addons\ofxGui\src</Filter>
    </ClCompile>
    <ClCompile Include="..\..\..\..\..\..\..\..\..\..\of_v0.9.8_vs_release\addons\ofxGui\src\ofxSlider.cpp">
      <Filter>addons\ofxGui\src</Filter>
    </ClCompile>
    <ClCompile Include="..\..\..\..\..\..\..\..\..\..\of_v0.9.8_vs_release\addons\ofxGui\src\ofxSliderGroup.cpp">
      <Filter>addons\ofxGui\src</Filter>
    </ClCompile>
    <ClCompile Include="..\..\..\..\..\..\..\..\..\..\of_v0.9.8_vs_release\addons\ofxGui\src\ofxToggle.cpp">
      <Filter>addons\ofxGui\src</Filter>
    </ClCompile>
    <ClCompile Include="src\Button.cpp">
      <Filter>src</Filter>
    </ClCompile>
    <ClCompile Include="src\Object.cpp">
      <Filter>src</Filter>
    </ClCompile>
    <ClCompile Include="src\UI_Slider.cpp">
      <Filter>src</Filter>
    </ClCompile>
    <ClCompile Include="src\Window_Editor.cpp">
      <Filter>src</Filter>
    </ClCompile>
  </ItemGroup>
  <ItemGroup>
    <Filter Include="src">
      <UniqueIdentifier>{d8376475-7454-4a24-b08a-aac121d3ad6f}</UniqueIdentifier>
    </Filter>
    <Filter Include="addons">
      <UniqueIdentifier>{fc4be690-5e25-42ec-9ab2-454396e7d2a8}</UniqueIdentifier>
    </Filter>
    <Filter Include="addons\ofxXmlSettings">
      <UniqueIdentifier>{98ebee62-f7b3-4fe2-83cf-331a1cc5dedb}</UniqueIdentifier>
    </Filter>
    <Filter Include="addons\ofxXmlSettings\src">
      <UniqueIdentifier>{df27f330-8b55-49d0-9cea-6a760ae52925}</UniqueIdentifier>
    </Filter>
    <Filter Include="addons\ofxXmlSettings\libs">
      <UniqueIdentifier>{0b03a2db-1c2a-4622-bd14-04277aa692fa}</UniqueIdentifier>
    </Filter>
    <Filter Include="addons\ofxUI-master">
      <UniqueIdentifier>{a85a96c8-db54-4421-8b22-8a729041793a}</UniqueIdentifier>
    </Filter>
    <Filter Include="addons\ofxUI-master\src">
      <UniqueIdentifier>{7b814e55-b2fc-4d83-bcc0-0e445f7e6886}</UniqueIdentifier>
    </Filter>
    <Filter Include="addons\ofxGui">
      <UniqueIdentifier>{66970e9c-3ba0-4fd0-96a8-c96f65809308}</UniqueIdentifier>
    </Filter>
    <Filter Include="addons\ofxGui\src">
      <UniqueIdentifier>{5e8e6dde-7bb1-471f-a777-c278c31c2dd3}</UniqueIdentifier>
    </Filter>
  </ItemGroup>
  <ItemGroup>
    <ClInclude Include="src\ofApp.h">
      <Filter>src</Filter>
    </ClInclude>
    <ClInclude Include="src\Window_Manager.h">
      <Filter>src</Filter>
    </ClInclude>
    <ClInclude Include="src\Window_Menu.h">
      <Filter>src</Filter>
    </ClInclude>
    <ClInclude Include="..\..\..\..\..\..\of_v0.9.8_vs_release\addons\ofxXmlSettings\src\ofxXmlSettings.h">
      <Filter>addons\ofxXmlSettings\src</Filter>
    </ClInclude>
    <ClInclude Include="..\..\..\..\..\..\of_v0.9.8_vs_release\addons\ofxXmlSettings\libs\tinyxml.h">
      <Filter>addons\ofxXmlSettings\libs</Filter>
    </ClInclude>
    <ClInclude Include="..\..\..\..\..\..\of_v0.9.8_vs_release\addons\ofxUI-master\src\ofxUI.h">
      <Filter>addons\ofxUI-master\src</Filter>
    </ClInclude>
    <ClInclude Include="..\..\..\..\..\..\of_v0.9.8_vs_release\addons\ofxUI-master\src\ofxUI2DGraph.h">
      <Filter>addons\ofxUI-master\src</Filter>
    </ClInclude>
    <ClInclude Include="..\..\..\..\..\..\of_v0.9.8_vs_release\addons\ofxUI-master\src\ofxUI2DPad.h">
      <Filter>addons\ofxUI-master\src</Filter>
    </ClInclude>
    <ClInclude Include="..\..\..\..\..\..\of_v0.9.8_vs_release\addons\ofxUI-master\src\ofxUIBaseDraws.h">
      <Filter>addons\ofxUI-master\src</Filter>
    </ClInclude>
    <ClInclude Include="..\..\..\..\..\..\of_v0.9.8_vs_release\addons\ofxUI-master\src\ofxUIBiLabelSlider.h">
      <Filter>addons\ofxUI-master\src</Filter>
    </ClInclude>
    <ClInclude Include="..\..\..\..\..\..\of_v0.9.8_vs_release\addons\ofxUI-master\src\ofxUIButton.h">
      <Filter>addons\ofxUI-master\src</Filter>
    </ClInclude>
    <ClInclude Include="..\..\..\..\..\..\of_v0.9.8_vs_release\addons\ofxUI-master\src\ofxUICanvas.h">
      <Filter>addons\ofxUI-master\src</Filter>
    </ClInclude>
    <ClInclude Include="..\..\..\..\..\..\of_v0.9.8_vs_release\addons\ofxUI-master\src\ofxUICircleSlider.h">
      <Filter>addons\ofxUI-master\src</Filter>
    </ClInclude>
    <ClInclude Include="..\..\..\..\..\..\of_v0.9.8_vs_release\addons\ofxUI-master\src\ofxUIDefines.h">
      <Filter>addons\ofxUI-master\src</Filter>
    </ClInclude>
    <ClInclude Include="..\..\..\..\..\..\of_v0.9.8_vs_release\addons\ofxUI-master\src\ofxUIDragableLabelButton.h">
      <Filter>addons\ofxUI-master\src</Filter>
    </ClInclude>
    <ClInclude Include="..\..\..\..\..\..\of_v0.9.8_vs_release\addons\ofxUI-master\src\ofxUIDropDownList.h">
      <Filter>addons\ofxUI-master\src</Filter>
    </ClInclude>
    <ClInclude Include="..\..\..\..\..\..\of_v0.9.8_vs_release\addons\ofxUI-master\src\ofxUIEventArgs.h">
      <Filter>addons\ofxUI-master\src</Filter>
    </ClInclude>
    <ClInclude Include="..\..\..\..\..\..\of_v0.9.8_vs_release\addons\ofxUI-master\src\ofxUIFPS.h">
      <Filter>addons\ofxUI-master\src</Filter>
    </ClInclude>
    <ClInclude Include="..\..\..\..\..\..\of_v0.9.8_vs_release\addons\ofxUI-master\src\ofxUIFPSSlider.h">
      <Filter>addons\ofxUI-master\src</Filter>
    </ClInclude>
    <ClInclude Include="..\..\..\..\..\..\of_v0.9.8_vs_release\addons\ofxUI-master\src\ofxUIImage.h">
      <Filter>addons\ofxUI-master\src</Filter>
    </ClInclude>
    <ClInclude Include="..\..\..\..\..\..\of_v0.9.8_vs_release\addons\ofxUI-master\src\ofxUIImageButton.h">
      <Filter>addons\ofxUI-master\src</Filter>
    </ClInclude>
    <ClInclude Include="..\..\..\..\..\..\of_v0.9.8_vs_release\addons\ofxUI-master\src\ofxUIImageSampler.h">
      <Filter>addons\ofxUI-master\src</Filter>
    </ClInclude>
    <ClInclude Include="..\..\..\..\..\..\of_v0.9.8_vs_release\addons\ofxUI-master\src\ofxUIImageSlider.h">
      <Filter>addons\ofxUI-master\src</Filter>
    </ClInclude>
    <ClInclude Include="..\..\..\..\..\..\of_v0.9.8_vs_release\addons\ofxUI-master\src\ofxUIImageToggle.h">
      <Filter>addons\ofxUI-master\src</Filter>
    </ClInclude>
    <ClInclude Include="..\..\..\..\..\..\of_v0.9.8_vs_release\addons\ofxUI-master\src\ofxUILabel.h">
      <Filter>addons\ofxUI-master\src</Filter>
    </ClInclude>
    <ClInclude Include="..\..\..\..\..\..\of_v0.9.8_vs_release\addons\ofxUI-master\src\ofxUILabelButton.h">
      <Filter>addons\ofxUI-master\src</Filter>
    </ClInclude>
    <ClInclude Include="..\..\..\..\..\..\of_v0.9.8_vs_release\addons\ofxUI-master\src\ofxUILabelToggle.h">
      <Filter>addons\ofxUI-master\src</Filter>
    </ClInclude>
    <ClInclude Include="..\..\..\..\..\..\of_v0.9.8_vs_release\addons\ofxUI-master\src\ofxUIMinimalSlider.h">
      <Filter>addons\ofxUI-master\src</Filter>
    </ClInclude>
    <ClInclude Include="..\..\..\..\..\..\of_v0.9.8_vs_release\addons\ofxUI-master\src\ofxUIMovingGraph.h">
      <Filter>addons\ofxUI-master\src</Filter>
    </ClInclude>
    <ClInclude Include="..\..\..\..\..\..\of_v0.9.8_vs_release\addons\ofxUI-master\src\ofxUIMultiImageButton.h">
      <Filter>addons\ofxUI-master\src</Filter>
    </ClInclude>
    <ClInclude Include="..\..\..\..\..\..\of_v0.9.8_vs_release\addons\ofxUI-master\src\ofxUIMultiImageToggle.h">
      <Filter>addons\ofxUI-master\src</Filter>
    </ClInclude>
    <ClInclude Include="..\..\..\..\..\..\of_v0.9.8_vs_release\addons\ofxUI-master\src\ofxUINumberDialer.h">
      <Filter>addons\ofxUI-master\src</Filter>
    </ClInclude>
    <ClInclude Include="..\..\..\..\..\..\of_v0.9.8_vs_release\addons\ofxUI-master\src\ofxUIOFWrapper.h">
      <Filter>addons\ofxUI-master\src</Filter>
    </ClInclude>
    <ClInclude Include="..\..\..\..\..\..\of_v0.9.8_vs_release\addons\ofxUI-master\src\ofxUIRadio.h">
      <Filter>addons\ofxUI-master\src</Filter>
    </ClInclude>
    <ClInclude Include="..\..\..\..\..\..\of_v0.9.8_vs_release\addons\ofxUI-master\src\ofxUIRangeSlider.h">
      <Filter>addons\ofxUI-master\src</Filter>
    </ClInclude>
    <ClInclude Include="..\..\..\..\..\..\of_v0.9.8_vs_release\addons\ofxUI-master\src\ofxUIRectangle.h">
      <Filter>addons\ofxUI-master\src</Filter>
    </ClInclude>
    <ClInclude Include="..\..\..\..\..\..\of_v0.9.8_vs_release\addons\ofxUI-master\src\ofxUIRotarySlider.h">
      <Filter>addons\ofxUI-master\src</Filter>
    </ClInclude>
    <ClInclude Include="..\..\..\..\..\..\of_v0.9.8_vs_release\addons\ofxUI-master\src\ofxUIScrollableCanvas.h">
      <Filter>addons\ofxUI-master\src</Filter>
    </ClInclude>
    <ClInclude Include="..\..\..\..\..\..\of_v0.9.8_vs_release\addons\ofxUI-master\src\ofxUISlider.h">
      <Filter>addons\ofxUI-master\src</Filter>
    </ClInclude>
    <ClInclude Include="..\..\..\..\..\..\of_v0.9.8_vs_release\addons\ofxUI-master\src\ofxUISortableList.h">
      <Filter>addons\ofxUI-master\src</Filter>
    </ClInclude>
    <ClInclude Include="..\..\..\..\..\..\of_v0.9.8_vs_release\addons\ofxUI-master\src\ofxUISpacer.h">
      <Filter>addons\ofxUI-master\src</Filter>
    </ClInclude>
    <ClInclude Include="..\..\..\..\..\..\of_v0.9.8_vs_release\addons\ofxUI-master\src\ofxUISpectrum.h">
      <Filter>addons\ofxUI-master\src</Filter>
    </ClInclude>
    <ClInclude Include="..\..\..\..\..\..\of_v0.9.8_vs_release\addons\ofxUI-master\src\ofxUISuperCanvas.h">
      <Filter>addons\ofxUI-master\src</Filter>
    </ClInclude>
    <ClInclude Include="..\..\..\..\..\..\of_v0.9.8_vs_release\addons\ofxUI-master\src\ofxUITabBar.h">
      <Filter>addons\ofxUI-master\src</Filter>
    </ClInclude>
    <ClInclude Include="..\..\..\..\..\..\of_v0.9.8_vs_release\addons\ofxUI-master\src\ofxUITextArea.h">
      <Filter>addons\ofxUI-master\src</Filter>
    </ClInclude>
    <ClInclude Include="..\..\..\..\..\..\of_v0.9.8_vs_release\addons\ofxUI-master\src\ofxUITextInput.h">
      <Filter>addons\ofxUI-master\src</Filter>
    </ClInclude>
    <ClInclude Include="..\..\..\..\..\..\of_v0.9.8_vs_release\addons\ofxUI-master\src\ofxUIToggle.h">
      <Filter>addons\ofxUI-master\src</Filter>
    </ClInclude>
    <ClInclude Include="..\..\..\..\..\..\of_v0.9.8_vs_release\addons\ofxUI-master\src\ofxUIToggleMatrix.h">
      <Filter>addons\ofxUI-master\src</Filter>
    </ClInclude>
    <ClInclude Include="..\..\..\..\..\..\of_v0.9.8_vs_release\addons\ofxUI-master\src\ofxUIUtils.h">
      <Filter>addons\ofxUI-master\src</Filter>
    </ClInclude>
    <ClInclude Include="..\..\..\..\..\..\of_v0.9.8_vs_release\addons\ofxUI-master\src\ofxUIValuePlotter.h">
      <Filter>addons\ofxUI-master\src</Filter>
    </ClInclude>
    <ClInclude Include="..\..\..\..\..\..\of_v0.9.8_vs_release\addons\ofxUI-master\src\ofxUIWaveform.h">
      <Filter>addons\ofxUI-master\src</Filter>
    </ClInclude>
    <ClInclude Include="..\..\..\..\..\..\of_v0.9.8_vs_release\addons\ofxUI-master\src\ofxUIWidget.h">
      <Filter>addons\ofxUI-master\src</Filter>
    </ClInclude>
    <ClInclude Include="..\..\..\..\..\..\of_v0.9.8_vs_release\addons\ofxUI-master\src\ofxUIWidgets.h">
      <Filter>addons\ofxUI-master\src</Filter>
    </ClInclude>
    <ClInclude Include="..\..\..\..\..\..\of_v0.9.8_vs_release\addons\ofxUI-master\src\ofxUIWidgetWithLabel.h">
      <Filter>addons\ofxUI-master\src</Filter>
    </ClInclude>
    <ClInclude Include="..\..\..\..\..\..\of_v0.9.8_vs_release\addons\ofxUI-master\src\ofxUIWrapper.h">
      <Filter>addons\ofxUI-master\src</Filter>
    </ClInclude>
    <ClInclude Include="..\..\..\..\..\..\..\..\..\..\of_v0.9.8_vs_release\addons\ofxGui\src\ofxBaseGui.h">
      <Filter>addons\ofxGui\src</Filter>
    </ClInclude>
    <ClInclude Include="..\..\..\..\..\..\..\..\..\..\of_v0.9.8_vs_release\addons\ofxGui\src\ofxButton.h">
      <Filter>addons\ofxGui\src</Filter>
    </ClInclude>
    <ClInclude Include="..\..\..\..\..\..\..\..\..\..\of_v0.9.8_vs_release\addons\ofxGui\src\ofxGui.h">
      <Filter>addons\ofxGui\src</Filter>
    </ClInclude>
    <ClInclude Include="..\..\..\..\..\..\..\..\..\..\of_v0.9.8_vs_release\addons\ofxGui\src\ofxGuiGroup.h">
      <Filter>addons\ofxGui\src</Filter>
    </ClInclude>
    <ClInclude Include="..\..\..\..\..\..\..\..\..\..\of_v0.9.8_vs_release\addons\ofxGui\src\ofxLabel.h">
      <Filter>addons\ofxGui\src</Filter>
    </ClInclude>
    <ClInclude Include="..\..\..\..\..\..\..\..\..\..\of_v0.9.8_vs_release\addons\ofxGui\src\ofxPanel.h">
      <Filter>addons\ofxGui\src</Filter>
    </ClInclude>
    <ClInclude Include="..\..\..\..\..\..\..\..\..\..\of_v0.9.8_vs_release\addons\ofxGui\src\ofxSlider.h">
      <Filter>addons\ofxGui\src</Filter>
    </ClInclude>
    <ClInclude Include="..\..\..\..\..\..\..\..\..\..\of_v0.9.8_vs_release\addons\ofxGui\src\ofxSliderGroup.h">
      <Filter>addons\ofxGui\src</Filter>
    </ClInclude>
    <ClInclude Include="..\..\..\..\..\..\..\..\..\..\of_v0.9.8_vs_release\addons\ofxGui\src\ofxToggle.h">
      <Filter>addons\ofxGui\src</Filter>
    </ClInclude>
    <ClInclude Include="src\Button.h">
      <Filter>src</Filter>
    </ClInclude>
    <ClInclude Include="src\Object.h">
      <Filter>src</Filter>
    </ClInclude>
    <ClInclude Include="src\UI_Slider.h">
      <Filter>src</Filter>
    </ClInclude>
    <ClInclude Include="src\Window_Editor.h">
      <Filter>src</Filter>
    </ClInclude>
  </ItemGroup>
  <ItemGroup>
    <ResourceCompile Include="icon.rc">
      <Filter>src</Filter>
    </ResourceCompile>
  </ItemGroup>
</Project>