<?xml version="1.0" encoding="utf-8"?>
<Project ToolsVersion="4.0" xmlns="http://schemas.microsoft.com/developer/msbuild/2003">
  <ItemGroup>
    <ClCompile Include="src\ofApp.cpp">
      <Filter>src</Filter>
    </ClCompile>
    <ClCompile Include="src\main.cpp">
      <Filter>src</Filter>
    </ClCompile>
    <ClCompile Include="src\Character.cpp">
      <Filter>src</Filter>
    </ClCompile>
    <ClCompile Include="src\Enemy.cpp">
      <Filter>src</Filter>
    </ClCompile>
    <ClCompile Include="src\Hero.cpp">
      <Filter>src</Filter>
    </ClCompile>
    <ClCompile Include="src\HeroBullet.cpp">
      <Filter>src</Filter>
    </ClCompile>
    <ClCompile Include="src\Projectile.cpp">
      <Filter>src</Filter>
    </ClCompile>
    <ClCompile Include="..\..\Object-Editor\Object-Editor\src\Object.cpp">
      <Filter>src</Filter>
    </ClCompile>
  </ItemGroup>
  <ItemGroup>
    <Filter Include="src">
      <UniqueIdentifier>{d8376475-7454-4a24-b08a-aac121d3ad6f}</UniqueIdentifier>
    </Filter>
    <Filter Include="addons">
      <UniqueIdentifier>{cdcd6266-6b83-4a4d-8401-edda07032fbe}</UniqueIdentifier>
    </Filter>
  </ItemGroup>
  <ItemGroup>
    <ClInclude Include="src\ofApp.h">
      <Filter>src</Filter>
    </ClInclude>
    <ClInclude Include="src\Character.h">
      <Filter>src</Filter>
    </ClInclude>
    <ClInclude Include="src\Enemy.h">
      <Filter>src</Filter>
    </ClInclude>
    <ClInclude Include="src\Hero.h">
      <Filter>src</Filter>
    </ClInclude>
    <ClInclude Include="src\HeroBullet.h">
      <Filter>src</Filter>
    </ClInclude>
    <ClInclude Include="src\Projectile.h">
      <Filter>src</Filter>
    </ClInclude>
    <ClInclude Include="..\..\Object-Editor\Object-Editor\src\Object.h">
      <Filter>src</Filter>
    </ClInclude>
  </ItemGroup>
  <ItemGroup>
    <ResourceCompile Include="icon.rc" />
  </ItemGroup>
</Project>